{
  "name": "princess-images",
  "version": "0.0.0",
  "lockfileVersion": 1,
  "requires": true,
  "dependencies": {
    "dat.gui": {
      "version": "0.7.9",
      "resolved": "https://registry.npmjs.org/dat.gui/-/dat.gui-0.7.9.tgz",
      "integrity": "sha512-sCNc1OHobc+Erc1HqiswYgHdVNpSJUlk/Hz8vzOCsER7rl+oF/4+v8GXFUyCgtXpoCX6+bnmg07DedLvBLwYKQ=="
    },
    "gsap": {
      "version": "3.10.2",
      "resolved": "https://registry.npmjs.org/gsap/-/gsap-3.10.2.tgz",
      "integrity": "sha512-exJVOda3O1NpgGjM4dzZONmSODWFP+JF/DwfiBfCPQPr15nm3M0TQczYKLZlMdBNdWxHMvRPKVqc1e1/6YD+zA=="
    },
    "three": {
      "version": "0.139.2",
      "resolved": "https://registry.npmjs.org/three/-/three-0.139.2.tgz",
      "integrity": "sha512-gV7q7QY8rogu7HLFZR9cWnOQAUedUhu2WXAnpr2kdXZP9YDKsG/0ychwQvWkZN5PlNw9mv5MoCTin6zNTXoONg=="
    }
  }
}
